dependencies:
- name: fmtok8s-frontend
  repository: https://salaboy.github.io/helm/
  version: v0.0.1
- name: fmtok8s-agenda-service
  repository: https://salaboy.github.io/helm/
  version: 0.1.0
- name: fmtok8s-c4p-service
  repository: https://salaboy.github.io/helm/
  version: 0.1.0
- name: fmtok8s-email-service
  repository: https://salaboy.github.io/helm/
  version: v0.1.0
digest: sha256:f7b09e255077e4f006a51d75721cdaebc5f65f30d421174573fa1507afb8bca8
generated: "2022-06-20T09:10:49.791875+01:00"
